
Microsoft Visual Studio Solution File, Format Version 12.00
# Visual Studio Version 16
VisualStudioVersion = 16.0.810.17
MinimumVisualStudioVersion = 10.0.40219.1
Project("{FAE04EC0-301F-11D3-BF4B-00C04F79EFBC}") = "Model", "Model\Model.csproj", "{7D45C774-6BAA-4D08-A0C8-7266FE5AE667}"
EndProject
Project("{FAE04EC0-301F-11D3-BF4B-00C04F79EFBC}") = "Domein", "Domein\Domein.csproj", "{0CD8AB4E-6A89-4BB7-9408-9F0240A9F98C}"
EndProject
Project("{FAE04EC0-301F-11D3-BF4B-00C04F79EFBC}") = "Presentatie", "Presentatie\Presentatie.csproj", "{A4F09100-F714-4A61-B2B4-414E222BF54F}"
EndProject
Project("{FAE04EC0-301F-11D3-BF4B-00C04F79EFBC}") = "Gui", "Gui\Gui.csproj", "{9E8E8635-458A-4ADE-BBF1-07C1710061A9}"
EndProject
Global
	GlobalSection(SolutionConfigurationPlatforms) = preSolution
		Debug|anycpu = Debug|anycpu
		Release|anycpu = Release|anycpu
	EndGlobalSection
	GlobalSection(ProjectConfigurationPlatforms) = postSolution
		{7D45C774-6BAA-4D08-A0C8-7266FE5AE667}.Debug|anycpu.ActiveCfg = Debug|Any CPU
		{7D45C774-6BAA-4D08-A0C8-7266FE5AE667}.Debug|anycpu.Build.0 = Debug|Any CPU
		{7D45C774-6BAA-4D08-A0C8-7266FE5AE667}.Release|anycpu.ActiveCfg = Release|Any CPU
		{7D45C774-6BAA-4D08-A0C8-7266FE5AE667}.Release|anycpu.Build.0 = Release|Any CPU
		{0CD8AB4E-6A89-4BB7-9408-9F0240A9F98C}.Debug|anycpu.ActiveCfg = Debug|Any CPU
		{0CD8AB4E-6A89-4BB7-9408-9F0240A9F98C}.Debug|anycpu.Build.0 = Debug|Any CPU
		{0CD8AB4E-6A89-4BB7-9408-9F0240A9F98C}.Release|anycpu.ActiveCfg = Release|Any CPU
		{0CD8AB4E-6A89-4BB7-9408-9F0240A9F98C}.Release|anycpu.Build.0 = Release|Any CPU
		{A4F09100-F714-4A61-B2B4-414E222BF54F}.Debug|anycpu.ActiveCfg = Debug|Any CPU
		{A4F09100-F714-4A61-B2B4-414E222BF54F}.Debug|anycpu.Build.0 = Debug|Any CPU
		{A4F09100-F714-4A61-B2B4-414E222BF54F}.Release|anycpu.ActiveCfg = Release|Any CPU
		{A4F09100-F714-4A61-B2B4-414E222BF54F}.Release|anycpu.Build.0 = Release|Any CPU
		{9E8E8635-458A-4ADE-BBF1-07C1710061A9}.Debug|anycpu.ActiveCfg = Debug|Any CPU
		{9E8E8635-458A-4ADE-BBF1-07C1710061A9}.Debug|anycpu.Build.0 = Debug|Any CPU
		{9E8E8635-458A-4ADE-BBF1-07C1710061A9}.Release|anycpu.ActiveCfg = Release|Any CPU
		{9E8E8635-458A-4ADE-BBF1-07C1710061A9}.Release|anycpu.Build.0 = Release|Any CPU
	EndGlobalSection
	GlobalSection(SolutionProperties) = preSolution
		HideSolutionNode = FALSE
	EndGlobalSection
	GlobalSection(ExtensibilityGlobals) = postSolution
		SolutionGuid = {A36660D8-3DEF-4525-87BB-CBDEA237E691}
	EndGlobalSection
EndGlobal
